
Microsoft Visual Studio Solution File, Format Version 12.00
# Visual Studio Version 17
VisualStudioVersion = 17.9.34728.123
MinimumVisualStudioVersion = 10.0.40219.1
Project("{9A19103F-16F7-4668-BE54-9A1E7A4F7556}") = "Openize.Accord.Core", "Sources\Accord.Core\Openize.Accord.Core.csproj", "{18CFE577-5FC5-4566-9047-1BB4139BD8B0}"
EndProject
Project("{9A19103F-16F7-4668-BE54-9A1E7A4F7556}") = "Openize.Accord.Math.Core", "Sources\Accord.Math.Core\Openize.Accord.Math.Core.csproj", "{BD0AE224-CC5C-4188-8C01-4906CA2ABA60}"
EndProject
Project("{9A19103F-16F7-4668-BE54-9A1E7A4F7556}") = "Openize.Accord.Math", "Sources\Accord.Math\Openize.Accord.Math.csproj", "{76944BC5-3DAD-46B7-AF1E-4679A956226D}"
EndProject
Project("{9A19103F-16F7-4668-BE54-9A1E7A4F7556}") = "Openize.Accord.IO", "Sources\Accord.IO\Openize.Accord.IO.csproj", "{2BA9FF6E-22D1-4A4F-81F8-B2D6D51D43A8}"
EndProject
Project("{9A19103F-16F7-4668-BE54-9A1E7A4F7556}") = "Openize.Accord.Imaging", "Sources\Accord.Imaging\Openize.Accord.Imaging.csproj", "{3F03B16E-8C3C-4048-B48F-6FB19C61F5ED}"
EndProject
Project("{9A19103F-16F7-4668-BE54-9A1E7A4F7556}") = "Openize.Accord.Statistics", "Sources\Accord.Statistics\Openize.Accord.Statistics.csproj", "{3F2C4D2A-341C-45E5-A402-24FBF9F79DCF}"
EndProject
Project("{2150E333-8FDC-42A3-9474-1A3956D46DE8}") = "Unit Tests", "Unit Tests", "{BFD784FF-6E86-4540-8DEC-2F6AD779E0F9}"
EndProject
Project("{9A19103F-16F7-4668-BE54-9A1E7A4F7556}") = "Openize.Accord.Tests.Core", "Unit Tests\Accord.Tests.Core\Openize.Accord.Tests.Core.csproj", "{EC291E7D-EA7D-44B3-BDDA-D72BAC12A30E}"
EndProject
Project("{9A19103F-16F7-4668-BE54-9A1E7A4F7556}") = "Openize.Accord.Tests.Imaging", "Unit Tests\Accord.Tests.Imaging\Openize.Accord.Tests.Imaging.csproj", "{5DB153FB-1B3D-46D7-9465-6C13E3825B6F}"
EndProject
Project("{9A19103F-16F7-4668-BE54-9A1E7A4F7556}") = "Openize.Accord.Tests.IO", "Unit Tests\Accord.Tests.IO\Openize.Accord.Tests.IO.csproj", "{B075B6C1-3F4E-492C-8CA5-0627A295C566}"
EndProject
Project("{9A19103F-16F7-4668-BE54-9A1E7A4F7556}") = "Openize.Accord.Tests.Math", "Unit Tests\Accord.Tests.Math\Openize.Accord.Tests.Math.csproj", "{24AE2C2A-7DEB-4B9F-84C8-0F5E65E41EBC}"
EndProject
Project("{9A19103F-16F7-4668-BE54-9A1E7A4F7556}") = "Openize.Accord.Tests.Statistics", "Unit Tests\Accord.Tests.Statistics\Openize.Accord.Tests.Statistics.csproj", "{1588C792-DC7D-43AF-B4E7-5A71A0EE860E}"
EndProject
Global
	GlobalSection(SolutionConfigurationPlatforms) = preSolution
		Debug|Any CPU = Debug|Any CPU
		Debug|x64 = Debug|x64
		Debug|x86 = Debug|x86
		Docs|Any CPU = Docs|Any CPU
		Docs|x64 = Docs|x64
		Docs|x86 = Docs|x86
		Mono|Any CPU = Mono|Any CPU
		Mono|x64 = Mono|x64
		Mono|x86 = Mono|x86
		Release|Any CPU = Release|Any CPU
		Release|x64 = Release|x64
		Release|x86 = Release|x86
	EndGlobalSection
	GlobalSection(ProjectConfigurationPlatforms) = postSolution
		{18CFE577-5FC5-4566-9047-1BB4139BD8B0}.Debug|Any CPU.ActiveCfg = Debug|Any CPU
		{18CFE577-5FC5-4566-9047-1BB4139BD8B0}.Debug|Any CPU.Build.0 = Debug|Any CPU
		{18CFE577-5FC5-4566-9047-1BB4139BD8B0}.Debug|x64.ActiveCfg = Debug|Any CPU
		{18CFE577-5FC5-4566-9047-1BB4139BD8B0}.Debug|x64.Build.0 = Debug|Any CPU
		{18CFE577-5FC5-4566-9047-1BB4139BD8B0}.Debug|x86.ActiveCfg = Debug|Any CPU
		{18CFE577-5FC5-4566-9047-1BB4139BD8B0}.Debug|x86.Build.0 = Debug|Any CPU
		{18CFE577-5FC5-4566-9047-1BB4139BD8B0}.Docs|Any CPU.ActiveCfg = Release|Any CPU
		{18CFE577-5FC5-4566-9047-1BB4139BD8B0}.Docs|Any CPU.Build.0 = Release|Any CPU
		{18CFE577-5FC5-4566-9047-1BB4139BD8B0}.Docs|x64.ActiveCfg = Release|Any CPU
		{18CFE577-5FC5-4566-9047-1BB4139BD8B0}.Docs|x64.Build.0 = Release|Any CPU
		{18CFE577-5FC5-4566-9047-1BB4139BD8B0}.Docs|x86.ActiveCfg = Release|Any CPU
		{18CFE577-5FC5-4566-9047-1BB4139BD8B0}.Docs|x86.Build.0 = Release|Any CPU
		{18CFE577-5FC5-4566-9047-1BB4139BD8B0}.Mono|Any CPU.ActiveCfg = Mono|Any CPU
		{18CFE577-5FC5-4566-9047-1BB4139BD8B0}.Mono|Any CPU.Build.0 = Mono|Any CPU
		{18CFE577-5FC5-4566-9047-1BB4139BD8B0}.Mono|x64.ActiveCfg = Mono|Any CPU
		{18CFE577-5FC5-4566-9047-1BB4139BD8B0}.Mono|x64.Build.0 = Mono|Any CPU
		{18CFE577-5FC5-4566-9047-1BB4139BD8B0}.Mono|x86.ActiveCfg = Mono|Any CPU
		{18CFE577-5FC5-4566-9047-1BB4139BD8B0}.Mono|x86.Build.0 = Mono|Any CPU
		{18CFE577-5FC5-4566-9047-1BB4139BD8B0}.Release|Any CPU.ActiveCfg = Release|Any CPU
		{18CFE577-5FC5-4566-9047-1BB4139BD8B0}.Release|Any CPU.Build.0 = Release|Any CPU
		{18CFE577-5FC5-4566-9047-1BB4139BD8B0}.Release|x64.ActiveCfg = Release|Any CPU
		{18CFE577-5FC5-4566-9047-1BB4139BD8B0}.Release|x64.Build.0 = Release|Any CPU
		{18CFE577-5FC5-4566-9047-1BB4139BD8B0}.Release|x86.ActiveCfg = Release|Any CPU
		{18CFE577-5FC5-4566-9047-1BB4139BD8B0}.Release|x86.Build.0 = Release|Any CPU
		{BD0AE224-CC5C-4188-8C01-4906CA2ABA60}.Debug|Any CPU.ActiveCfg = Debug|Any CPU
		{BD0AE224-CC5C-4188-8C01-4906CA2ABA60}.Debug|Any CPU.Build.0 = Debug|Any CPU
		{BD0AE224-CC5C-4188-8C01-4906CA2ABA60}.Debug|x64.ActiveCfg = Debug|Any CPU
		{BD0AE224-CC5C-4188-8C01-4906CA2ABA60}.Debug|x64.Build.0 = Debug|Any CPU
		{BD0AE224-CC5C-4188-8C01-4906CA2ABA60}.Debug|x86.ActiveCfg = Debug|Any CPU
		{BD0AE224-CC5C-4188-8C01-4906CA2ABA60}.Debug|x86.Build.0 = Debug|Any CPU
		{BD0AE224-CC5C-4188-8C01-4906CA2ABA60}.Docs|Any CPU.ActiveCfg = Release|Any CPU
		{BD0AE224-CC5C-4188-8C01-4906CA2ABA60}.Docs|Any CPU.Build.0 = Release|Any CPU
		{BD0AE224-CC5C-4188-8C01-4906CA2ABA60}.Docs|x64.ActiveCfg = Release|Any CPU
		{BD0AE224-CC5C-4188-8C01-4906CA2ABA60}.Docs|x64.Build.0 = Release|Any CPU
		{BD0AE224-CC5C-4188-8C01-4906CA2ABA60}.Docs|x86.ActiveCfg = Release|Any CPU
		{BD0AE224-CC5C-4188-8C01-4906CA2ABA60}.Docs|x86.Build.0 = Release|Any CPU
		{BD0AE224-CC5C-4188-8C01-4906CA2ABA60}.Mono|Any CPU.ActiveCfg = Mono|Any CPU
		{BD0AE224-CC5C-4188-8C01-4906CA2ABA60}.Mono|Any CPU.Build.0 = Mono|Any CPU
		{BD0AE224-CC5C-4188-8C01-4906CA2ABA60}.Mono|x64.ActiveCfg = Mono|Any CPU
		{BD0AE224-CC5C-4188-8C01-4906CA2ABA60}.Mono|x64.Build.0 = Mono|Any CPU
		{BD0AE224-CC5C-4188-8C01-4906CA2ABA60}.Mono|x86.ActiveCfg = Mono|Any CPU
		{BD0AE224-CC5C-4188-8C01-4906CA2ABA60}.Mono|x86.Build.0 = Mono|Any CPU
		{BD0AE224-CC5C-4188-8C01-4906CA2ABA60}.Release|Any CPU.ActiveCfg = Release|Any CPU
		{BD0AE224-CC5C-4188-8C01-4906CA2ABA60}.Release|Any CPU.Build.0 = Release|Any CPU
		{BD0AE224-CC5C-4188-8C01-4906CA2ABA60}.Release|x64.ActiveCfg = Release|Any CPU
		{BD0AE224-CC5C-4188-8C01-4906CA2ABA60}.Release|x64.Build.0 = Release|Any CPU
		{BD0AE224-CC5C-4188-8C01-4906CA2ABA60}.Release|x86.ActiveCfg = Release|Any CPU
		{BD0AE224-CC5C-4188-8C01-4906CA2ABA60}.Release|x86.Build.0 = Release|Any CPU
		{76944BC5-3DAD-46B7-AF1E-4679A956226D}.Debug|Any CPU.ActiveCfg = Debug|Any CPU
		{76944BC5-3DAD-46B7-AF1E-4679A956226D}.Debug|Any CPU.Build.0 = Debug|Any CPU
		{76944BC5-3DAD-46B7-AF1E-4679A956226D}.Debug|x64.ActiveCfg = Debug|Any CPU
		{76944BC5-3DAD-46B7-AF1E-4679A956226D}.Debug|x64.Build.0 = Debug|Any CPU
		{76944BC5-3DAD-46B7-AF1E-4679A956226D}.Debug|x86.ActiveCfg = Debug|Any CPU
		{76944BC5-3DAD-46B7-AF1E-4679A956226D}.Debug|x86.Build.0 = Debug|Any CPU
		{76944BC5-3DAD-46B7-AF1E-4679A956226D}.Docs|Any CPU.ActiveCfg = Release|Any CPU
		{76944BC5-3DAD-46B7-AF1E-4679A956226D}.Docs|Any CPU.Build.0 = Release|Any CPU
		{76944BC5-3DAD-46B7-AF1E-4679A956226D}.Docs|x64.ActiveCfg = Release|Any CPU
		{76944BC5-3DAD-46B7-AF1E-4679A956226D}.Docs|x64.Build.0 = Release|Any CPU
		{76944BC5-3DAD-46B7-AF1E-4679A956226D}.Docs|x86.ActiveCfg = Release|Any CPU
		{76944BC5-3DAD-46B7-AF1E-4679A956226D}.Docs|x86.Build.0 = Release|Any CPU
		{76944BC5-3DAD-46B7-AF1E-4679A956226D}.Mono|Any CPU.ActiveCfg = Mono|Any CPU
		{76944BC5-3DAD-46B7-AF1E-4679A956226D}.Mono|Any CPU.Build.0 = Mono|Any CPU
		{76944BC5-3DAD-46B7-AF1E-4679A956226D}.Mono|x64.ActiveCfg = Mono|Any CPU
		{76944BC5-3DAD-46B7-AF1E-4679A956226D}.Mono|x64.Build.0 = Mono|Any CPU
		{76944BC5-3DAD-46B7-AF1E-4679A956226D}.Mono|x86.ActiveCfg = Mono|Any CPU
		{76944BC5-3DAD-46B7-AF1E-4679A956226D}.Mono|x86.Build.0 = Mono|Any CPU
		{76944BC5-3DAD-46B7-AF1E-4679A956226D}.Release|Any CPU.ActiveCfg = Release|Any CPU
		{76944BC5-3DAD-46B7-AF1E-4679A956226D}.Release|Any CPU.Build.0 = Release|Any CPU
		{76944BC5-3DAD-46B7-AF1E-4679A956226D}.Release|x64.ActiveCfg = Release|Any CPU
		{76944BC5-3DAD-46B7-AF1E-4679A956226D}.Release|x64.Build.0 = Release|Any CPU
		{76944BC5-3DAD-46B7-AF1E-4679A956226D}.Release|x86.ActiveCfg = Release|Any CPU
		{76944BC5-3DAD-46B7-AF1E-4679A956226D}.Release|x86.Build.0 = Release|Any CPU
		{2BA9FF6E-22D1-4A4F-81F8-B2D6D51D43A8}.Debug|Any CPU.ActiveCfg = Debug|Any CPU
		{2BA9FF6E-22D1-4A4F-81F8-B2D6D51D43A8}.Debug|Any CPU.Build.0 = Debug|Any CPU
		{2BA9FF6E-22D1-4A4F-81F8-B2D6D51D43A8}.Debug|x64.ActiveCfg = Debug|Any CPU
		{2BA9FF6E-22D1-4A4F-81F8-B2D6D51D43A8}.Debug|x64.Build.0 = Debug|Any CPU
		{2BA9FF6E-22D1-4A4F-81F8-B2D6D51D43A8}.Debug|x86.ActiveCfg = Debug|Any CPU
		{2BA9FF6E-22D1-4A4F-81F8-B2D6D51D43A8}.Debug|x86.Build.0 = Debug|Any CPU
		{2BA9FF6E-22D1-4A4F-81F8-B2D6D51D43A8}.Docs|Any CPU.ActiveCfg = Release|Any CPU
		{2BA9FF6E-22D1-4A4F-81F8-B2D6D51D43A8}.Docs|Any CPU.Build.0 = Release|Any CPU
		{2BA9FF6E-22D1-4A4F-81F8-B2D6D51D43A8}.Docs|x64.ActiveCfg = Release|Any CPU
		{2BA9FF6E-22D1-4A4F-81F8-B2D6D51D43A8}.Docs|x64.Build.0 = Release|Any CPU
		{2BA9FF6E-22D1-4A4F-81F8-B2D6D51D43A8}.Docs|x86.ActiveCfg = Release|Any CPU
		{2BA9FF6E-22D1-4A4F-81F8-B2D6D51D43A8}.Docs|x86.Build.0 = Release|Any CPU
		{2BA9FF6E-22D1-4A4F-81F8-B2D6D51D43A8}.Mono|Any CPU.ActiveCfg = Mono|Any CPU
		{2BA9FF6E-22D1-4A4F-81F8-B2D6D51D43A8}.Mono|Any CPU.Build.0 = Mono|Any CPU
		{2BA9FF6E-22D1-4A4F-81F8-B2D6D51D43A8}.Mono|x64.ActiveCfg = Mono|Any CPU
		{2BA9FF6E-22D1-4A4F-81F8-B2D6D51D43A8}.Mono|x64.Build.0 = Mono|Any CPU
		{2BA9FF6E-22D1-4A4F-81F8-B2D6D51D43A8}.Mono|x86.ActiveCfg = Mono|Any CPU
		{2BA9FF6E-22D1-4A4F-81F8-B2D6D51D43A8}.Mono|x86.Build.0 = Mono|Any CPU
		{2BA9FF6E-22D1-4A4F-81F8-B2D6D51D43A8}.Release|Any CPU.ActiveCfg = Release|Any CPU
		{2BA9FF6E-22D1-4A4F-81F8-B2D6D51D43A8}.Release|Any CPU.Build.0 = Release|Any CPU
		{2BA9FF6E-22D1-4A4F-81F8-B2D6D51D43A8}.Release|x64.ActiveCfg = Release|Any CPU
		{2BA9FF6E-22D1-4A4F-81F8-B2D6D51D43A8}.Release|x64.Build.0 = Release|Any CPU
		{2BA9FF6E-22D1-4A4F-81F8-B2D6D51D43A8}.Release|x86.ActiveCfg = Release|Any CPU
		{2BA9FF6E-22D1-4A4F-81F8-B2D6D51D43A8}.Release|x86.Build.0 = Release|Any CPU
		{3F03B16E-8C3C-4048-B48F-6FB19C61F5ED}.Debug|Any CPU.ActiveCfg = Debug|Any CPU
		{3F03B16E-8C3C-4048-B48F-6FB19C61F5ED}.Debug|Any CPU.Build.0 = Debug|Any CPU
		{3F03B16E-8C3C-4048-B48F-6FB19C61F5ED}.Debug|x64.ActiveCfg = Debug|Any CPU
		{3F03B16E-8C3C-4048-B48F-6FB19C61F5ED}.Debug|x64.Build.0 = Debug|Any CPU
		{3F03B16E-8C3C-4048-B48F-6FB19C61F5ED}.Debug|x86.ActiveCfg = Debug|Any CPU
		{3F03B16E-8C3C-4048-B48F-6FB19C61F5ED}.Debug|x86.Build.0 = Debug|Any CPU
		{3F03B16E-8C3C-4048-B48F-6FB19C61F5ED}.Docs|Any CPU.ActiveCfg = Release|Any CPU
		{3F03B16E-8C3C-4048-B48F-6FB19C61F5ED}.Docs|Any CPU.Build.0 = Release|Any CPU
		{3F03B16E-8C3C-4048-B48F-6FB19C61F5ED}.Docs|x64.ActiveCfg = Release|Any CPU
		{3F03B16E-8C3C-4048-B48F-6FB19C61F5ED}.Docs|x64.Build.0 = Release|Any CPU
		{3F03B16E-8C3C-4048-B48F-6FB19C61F5ED}.Docs|x86.ActiveCfg = Release|Any CPU
		{3F03B16E-8C3C-4048-B48F-6FB19C61F5ED}.Docs|x86.Build.0 = Release|Any CPU
		{3F03B16E-8C3C-4048-B48F-6FB19C61F5ED}.Mono|Any CPU.ActiveCfg = Mono|Any CPU
		{3F03B16E-8C3C-4048-B48F-6FB19C61F5ED}.Mono|Any CPU.Build.0 = Mono|Any CPU
		{3F03B16E-8C3C-4048-B48F-6FB19C61F5ED}.Mono|x64.ActiveCfg = Mono|Any CPU
		{3F03B16E-8C3C-4048-B48F-6FB19C61F5ED}.Mono|x64.Build.0 = Mono|Any CPU
		{3F03B16E-8C3C-4048-B48F-6FB19C61F5ED}.Mono|x86.ActiveCfg = Mono|Any CPU
		{3F03B16E-8C3C-4048-B48F-6FB19C61F5ED}.Mono|x86.Build.0 = Mono|Any CPU
		{3F03B16E-8C3C-4048-B48F-6FB19C61F5ED}.Release|Any CPU.ActiveCfg = Release|Any CPU
		{3F03B16E-8C3C-4048-B48F-6FB19C61F5ED}.Release|Any CPU.Build.0 = Release|Any CPU
		{3F03B16E-8C3C-4048-B48F-6FB19C61F5ED}.Release|x64.ActiveCfg = Release|Any CPU
		{3F03B16E-8C3C-4048-B48F-6FB19C61F5ED}.Release|x64.Build.0 = Release|Any CPU
		{3F03B16E-8C3C-4048-B48F-6FB19C61F5ED}.Release|x86.ActiveCfg = Release|Any CPU
		{3F03B16E-8C3C-4048-B48F-6FB19C61F5ED}.Release|x86.Build.0 = Release|Any CPU
		{3F2C4D2A-341C-45E5-A402-24FBF9F79DCF}.Debug|Any CPU.ActiveCfg = Debug|Any CPU
		{3F2C4D2A-341C-45E5-A402-24FBF9F79DCF}.Debug|Any CPU.Build.0 = Debug|Any CPU
		{3F2C4D2A-341C-45E5-A402-24FBF9F79DCF}.Debug|x64.ActiveCfg = Debug|Any CPU
		{3F2C4D2A-341C-45E5-A402-24FBF9F79DCF}.Debug|x64.Build.0 = Debug|Any CPU
		{3F2C4D2A-341C-45E5-A402-24FBF9F79DCF}.Debug|x86.ActiveCfg = Debug|Any CPU
		{3F2C4D2A-341C-45E5-A402-24FBF9F79DCF}.Debug|x86.Build.0 = Debug|Any CPU
		{3F2C4D2A-341C-45E5-A402-24FBF9F79DCF}.Docs|Any CPU.ActiveCfg = Debug|Any CPU
		{3F2C4D2A-341C-45E5-A402-24FBF9F79DCF}.Docs|Any CPU.Build.0 = Debug|Any CPU
		{3F2C4D2A-341C-45E5-A402-24FBF9F79DCF}.Docs|x64.ActiveCfg = Debug|Any CPU
		{3F2C4D2A-341C-45E5-A402-24FBF9F79DCF}.Docs|x64.Build.0 = Debug|Any CPU
		{3F2C4D2A-341C-45E5-A402-24FBF9F79DCF}.Docs|x86.ActiveCfg = Debug|Any CPU
		{3F2C4D2A-341C-45E5-A402-24FBF9F79DCF}.Docs|x86.Build.0 = Debug|Any CPU
		{3F2C4D2A-341C-45E5-A402-24FBF9F79DCF}.Mono|Any CPU.ActiveCfg = Mono|Any CPU
		{3F2C4D2A-341C-45E5-A402-24FBF9F79DCF}.Mono|Any CPU.Build.0 = Mono|Any CPU
		{3F2C4D2A-341C-45E5-A402-24FBF9F79DCF}.Mono|x64.ActiveCfg = Mono|Any CPU
		{3F2C4D2A-341C-45E5-A402-24FBF9F79DCF}.Mono|x64.Build.0 = Mono|Any CPU
		{3F2C4D2A-341C-45E5-A402-24FBF9F79DCF}.Mono|x86.ActiveCfg = Mono|Any CPU
		{3F2C4D2A-341C-45E5-A402-24FBF9F79DCF}.Mono|x86.Build.0 = Mono|Any CPU
		{3F2C4D2A-341C-45E5-A402-24FBF9F79DCF}.Release|Any CPU.ActiveCfg = Release|Any CPU
		{3F2C4D2A-341C-45E5-A402-24FBF9F79DCF}.Release|Any CPU.Build.0 = Release|Any CPU
		{3F2C4D2A-341C-45E5-A402-24FBF9F79DCF}.Release|x64.ActiveCfg = Release|Any CPU
		{3F2C4D2A-341C-45E5-A402-24FBF9F79DCF}.Release|x64.Build.0 = Release|Any CPU
		{3F2C4D2A-341C-45E5-A402-24FBF9F79DCF}.Release|x86.ActiveCfg = Release|Any CPU
		{3F2C4D2A-341C-45E5-A402-24FBF9F79DCF}.Release|x86.Build.0 = Release|Any CPU
		{EC291E7D-EA7D-44B3-BDDA-D72BAC12A30E}.Debug|Any CPU.ActiveCfg = Debug|Any CPU
		{EC291E7D-EA7D-44B3-BDDA-D72BAC12A30E}.Debug|Any CPU.Build.0 = Debug|Any CPU
		{EC291E7D-EA7D-44B3-BDDA-D72BAC12A30E}.Debug|x64.ActiveCfg = Debug|Any CPU
		{EC291E7D-EA7D-44B3-BDDA-D72BAC12A30E}.Debug|x64.Build.0 = Debug|Any CPU
		{EC291E7D-EA7D-44B3-BDDA-D72BAC12A30E}.Debug|x86.ActiveCfg = Debug|Any CPU
		{EC291E7D-EA7D-44B3-BDDA-D72BAC12A30E}.Debug|x86.Build.0 = Debug|Any CPU
		{EC291E7D-EA7D-44B3-BDDA-D72BAC12A30E}.Docs|Any CPU.ActiveCfg = Release|Any CPU
		{EC291E7D-EA7D-44B3-BDDA-D72BAC12A30E}.Docs|Any CPU.Build.0 = Release|Any CPU
		{EC291E7D-EA7D-44B3-BDDA-D72BAC12A30E}.Docs|x64.ActiveCfg = Release|Any CPU
		{EC291E7D-EA7D-44B3-BDDA-D72BAC12A30E}.Docs|x64.Build.0 = Release|Any CPU
		{EC291E7D-EA7D-44B3-BDDA-D72BAC12A30E}.Docs|x86.ActiveCfg = Release|Any CPU
		{EC291E7D-EA7D-44B3-BDDA-D72BAC12A30E}.Docs|x86.Build.0 = Release|Any CPU
		{EC291E7D-EA7D-44B3-BDDA-D72BAC12A30E}.Mono|Any CPU.ActiveCfg = Release|Any CPU
		{EC291E7D-EA7D-44B3-BDDA-D72BAC12A30E}.Mono|Any CPU.Build.0 = Release|Any CPU
		{EC291E7D-EA7D-44B3-BDDA-D72BAC12A30E}.Mono|x64.ActiveCfg = Release|Any CPU
		{EC291E7D-EA7D-44B3-BDDA-D72BAC12A30E}.Mono|x64.Build.0 = Release|Any CPU
		{EC291E7D-EA7D-44B3-BDDA-D72BAC12A30E}.Mono|x86.ActiveCfg = Release|Any CPU
		{EC291E7D-EA7D-44B3-BDDA-D72BAC12A30E}.Mono|x86.Build.0 = Release|Any CPU
		{EC291E7D-EA7D-44B3-BDDA-D72BAC12A30E}.Release|Any CPU.ActiveCfg = Release|Any CPU
		{EC291E7D-EA7D-44B3-BDDA-D72BAC12A30E}.Release|Any CPU.Build.0 = Release|Any CPU
		{EC291E7D-EA7D-44B3-BDDA-D72BAC12A30E}.Release|x64.ActiveCfg = Release|Any CPU
		{EC291E7D-EA7D-44B3-BDDA-D72BAC12A30E}.Release|x64.Build.0 = Release|Any CPU
		{EC291E7D-EA7D-44B3-BDDA-D72BAC12A30E}.Release|x86.ActiveCfg = Release|Any CPU
		{EC291E7D-EA7D-44B3-BDDA-D72BAC12A30E}.Release|x86.Build.0 = Release|Any CPU
		{5DB153FB-1B3D-46D7-9465-6C13E3825B6F}.Debug|Any CPU.ActiveCfg = Debug|Any CPU
		{5DB153FB-1B3D-46D7-9465-6C13E3825B6F}.Debug|Any CPU.Build.0 = Debug|Any CPU
		{5DB153FB-1B3D-46D7-9465-6C13E3825B6F}.Debug|x64.ActiveCfg = Debug|Any CPU
		{5DB153FB-1B3D-46D7-9465-6C13E3825B6F}.Debug|x64.Build.0 = Debug|Any CPU
		{5DB153FB-1B3D-46D7-9465-6C13E3825B6F}.Debug|x86.ActiveCfg = Debug|Any CPU
		{5DB153FB-1B3D-46D7-9465-6C13E3825B6F}.Debug|x86.Build.0 = Debug|Any CPU
		{5DB153FB-1B3D-46D7-9465-6C13E3825B6F}.Docs|Any CPU.ActiveCfg = Release|Any CPU
		{5DB153FB-1B3D-46D7-9465-6C13E3825B6F}.Docs|Any CPU.Build.0 = Release|Any CPU
		{5DB153FB-1B3D-46D7-9465-6C13E3825B6F}.Docs|x64.ActiveCfg = Release|Any CPU
		{5DB153FB-1B3D-46D7-9465-6C13E3825B6F}.Docs|x64.Build.0 = Release|Any CPU
		{5DB153FB-1B3D-46D7-9465-6C13E3825B6F}.Docs|x86.ActiveCfg = Release|Any CPU
		{5DB153FB-1B3D-46D7-9465-6C13E3825B6F}.Docs|x86.Build.0 = Release|Any CPU
		{5DB153FB-1B3D-46D7-9465-6C13E3825B6F}.Mono|Any CPU.ActiveCfg = Release|Any CPU
		{5DB153FB-1B3D-46D7-9465-6C13E3825B6F}.Mono|Any CPU.Build.0 = Release|Any CPU
		{5DB153FB-1B3D-46D7-9465-6C13E3825B6F}.Mono|x64.ActiveCfg = Release|Any CPU
		{5DB153FB-1B3D-46D7-9465-6C13E3825B6F}.Mono|x64.Build.0 = Release|Any CPU
		{5DB153FB-1B3D-46D7-9465-6C13E3825B6F}.Mono|x86.ActiveCfg = Release|Any CPU
		{5DB153FB-1B3D-46D7-9465-6C13E3825B6F}.Mono|x86.Build.0 = Release|Any CPU
		{5DB153FB-1B3D-46D7-9465-6C13E3825B6F}.Release|Any CPU.ActiveCfg = Release|Any CPU
		{5DB153FB-1B3D-46D7-9465-6C13E3825B6F}.Release|Any CPU.Build.0 = Release|Any CPU
		{5DB153FB-1B3D-46D7-9465-6C13E3825B6F}.Release|x64.ActiveCfg = Release|Any CPU
		{5DB153FB-1B3D-46D7-9465-6C13E3825B6F}.Release|x64.Build.0 = Release|Any CPU
		{5DB153FB-1B3D-46D7-9465-6C13E3825B6F}.Release|x86.ActiveCfg = Release|Any CPU
		{5DB153FB-1B3D-46D7-9465-6C13E3825B6F}.Release|x86.Build.0 = Release|Any CPU
		{B075B6C1-3F4E-492C-8CA5-0627A295C566}.Debug|Any CPU.ActiveCfg = Debug|Any CPU
		{B075B6C1-3F4E-492C-8CA5-0627A295C566}.Debug|Any CPU.Build.0 = Debug|Any CPU
		{B075B6C1-3F4E-492C-8CA5-0627A295C566}.Debug|x64.ActiveCfg = Debug|Any CPU
		{B075B6C1-3F4E-492C-8CA5-0627A295C566}.Debug|x64.Build.0 = Debug|Any CPU
		{B075B6C1-3F4E-492C-8CA5-0627A295C566}.Debug|x86.ActiveCfg = Debug|Any CPU
		{B075B6C1-3F4E-492C-8CA5-0627A295C566}.Debug|x86.Build.0 = Debug|Any CPU
		{B075B6C1-3F4E-492C-8CA5-0627A295C566}.Docs|Any CPU.ActiveCfg = Release|Any CPU
		{B075B6C1-3F4E-492C-8CA5-0627A295C566}.Docs|Any CPU.Build.0 = Release|Any CPU
		{B075B6C1-3F4E-492C-8CA5-0627A295C566}.Docs|x64.ActiveCfg = Release|Any CPU
		{B075B6C1-3F4E-492C-8CA5-0627A295C566}.Docs|x64.Build.0 = Release|Any CPU
		{B075B6C1-3F4E-492C-8CA5-0627A295C566}.Docs|x86.ActiveCfg = Release|Any CPU
		{B075B6C1-3F4E-492C-8CA5-0627A295C566}.Docs|x86.Build.0 = Release|Any CPU
		{B075B6C1-3F4E-492C-8CA5-0627A295C566}.Mono|Any CPU.ActiveCfg = Release|Any CPU
		{B075B6C1-3F4E-492C-8CA5-0627A295C566}.Mono|Any CPU.Build.0 = Release|Any CPU
		{B075B6C1-3F4E-492C-8CA5-0627A295C566}.Mono|x64.ActiveCfg = Release|Any CPU
		{B075B6C1-3F4E-492C-8CA5-0627A295C566}.Mono|x64.Build.0 = Release|Any CPU
		{B075B6C1-3F4E-492C-8CA5-0627A295C566}.Mono|x86.ActiveCfg = Release|Any CPU
		{B075B6C1-3F4E-492C-8CA5-0627A295C566}.Mono|x86.Build.0 = Release|Any CPU
		{B075B6C1-3F4E-492C-8CA5-0627A295C566}.Release|Any CPU.ActiveCfg = Release|Any CPU
		{B075B6C1-3F4E-492C-8CA5-0627A295C566}.Release|Any CPU.Build.0 = Release|Any CPU
		{B075B6C1-3F4E-492C-8CA5-0627A295C566}.Release|x64.ActiveCfg = Release|Any CPU
		{B075B6C1-3F4E-492C-8CA5-0627A295C566}.Release|x64.Build.0 = Release|Any CPU
		{B075B6C1-3F4E-492C-8CA5-0627A295C566}.Release|x86.ActiveCfg = Release|Any CPU
		{B075B6C1-3F4E-492C-8CA5-0627A295C566}.Release|x86.Build.0 = Release|Any CPU
		{24AE2C2A-7DEB-4B9F-84C8-0F5E65E41EBC}.Debug|Any CPU.ActiveCfg = Debug|Any CPU
		{24AE2C2A-7DEB-4B9F-84C8-0F5E65E41EBC}.Debug|Any CPU.Build.0 = Debug|Any CPU
		{24AE2C2A-7DEB-4B9F-84C8-0F5E65E41EBC}.Debug|x64.ActiveCfg = Debug|Any CPU
		{24AE2C2A-7DEB-4B9F-84C8-0F5E65E41EBC}.Debug|x64.Build.0 = Debug|Any CPU
		{24AE2C2A-7DEB-4B9F-84C8-0F5E65E41EBC}.Debug|x86.ActiveCfg = Debug|Any CPU
		{24AE2C2A-7DEB-4B9F-84C8-0F5E65E41EBC}.Debug|x86.Build.0 = Debug|Any CPU
		{24AE2C2A-7DEB-4B9F-84C8-0F5E65E41EBC}.Docs|Any CPU.ActiveCfg = Release|Any CPU
		{24AE2C2A-7DEB-4B9F-84C8-0F5E65E41EBC}.Docs|Any CPU.Build.0 = Release|Any CPU
		{24AE2C2A-7DEB-4B9F-84C8-0F5E65E41EBC}.Docs|x64.ActiveCfg = Release|Any CPU
		{24AE2C2A-7DEB-4B9F-84C8-0F5E65E41EBC}.Docs|x64.Build.0 = Release|Any CPU
		{24AE2C2A-7DEB-4B9F-84C8-0F5E65E41EBC}.Docs|x86.ActiveCfg = Release|Any CPU
		{24AE2C2A-7DEB-4B9F-84C8-0F5E65E41EBC}.Docs|x86.Build.0 = Release|Any CPU
		{24AE2C2A-7DEB-4B9F-84C8-0F5E65E41EBC}.Mono|Any CPU.ActiveCfg = Release|Any CPU
		{24AE2C2A-7DEB-4B9F-84C8-0F5E65E41EBC}.Mono|Any CPU.Build.0 = Release|Any CPU
		{24AE2C2A-7DEB-4B9F-84C8-0F5E65E41EBC}.Mono|x64.ActiveCfg = Release|Any CPU
		{24AE2C2A-7DEB-4B9F-84C8-0F5E65E41EBC}.Mono|x64.Build.0 = Release|Any CPU
		{24AE2C2A-7DEB-4B9F-84C8-0F5E65E41EBC}.Mono|x86.ActiveCfg = Release|Any CPU
		{24AE2C2A-7DEB-4B9F-84C8-0F5E65E41EBC}.Mono|x86.Build.0 = Release|Any CPU
		{24AE2C2A-7DEB-4B9F-84C8-0F5E65E41EBC}.Release|Any CPU.ActiveCfg = Release|Any CPU
		{24AE2C2A-7DEB-4B9F-84C8-0F5E65E41EBC}.Release|Any CPU.Build.0 = Release|Any CPU
		{24AE2C2A-7DEB-4B9F-84C8-0F5E65E41EBC}.Release|x64.ActiveCfg = Release|Any CPU
		{24AE2C2A-7DEB-4B9F-84C8-0F5E65E41EBC}.Release|x64.Build.0 = Release|Any CPU
		{24AE2C2A-7DEB-4B9F-84C8-0F5E65E41EBC}.Release|x86.ActiveCfg = Release|Any CPU
		{24AE2C2A-7DEB-4B9F-84C8-0F5E65E41EBC}.Release|x86.Build.0 = Release|Any CPU
		{1588C792-DC7D-43AF-B4E7-5A71A0EE860E}.Debug|Any CPU.ActiveCfg = Debug|Any CPU
		{1588C792-DC7D-43AF-B4E7-5A71A0EE860E}.Debug|Any CPU.Build.0 = Debug|Any CPU
		{1588C792-DC7D-43AF-B4E7-5A71A0EE860E}.Debug|x64.ActiveCfg = Debug|Any CPU
		{1588C792-DC7D-43AF-B4E7-5A71A0EE860E}.Debug|x64.Build.0 = Debug|Any CPU
		{1588C792-DC7D-43AF-B4E7-5A71A0EE860E}.Debug|x86.ActiveCfg = Debug|Any CPU
		{1588C792-DC7D-43AF-B4E7-5A71A0EE860E}.Debug|x86.Build.0 = Debug|Any CPU
		{1588C792-DC7D-43AF-B4E7-5A71A0EE860E}.Docs|Any CPU.ActiveCfg = Release|Any CPU
		{1588C792-DC7D-43AF-B4E7-5A71A0EE860E}.Docs|Any CPU.Build.0 = Release|Any CPU
		{1588C792-DC7D-43AF-B4E7-5A71A0EE860E}.Docs|x64.ActiveCfg = Release|Any CPU
		{1588C792-DC7D-43AF-B4E7-5A71A0EE860E}.Docs|x64.Build.0 = Release|Any CPU
		{1588C792-DC7D-43AF-B4E7-5A71A0EE860E}.Docs|x86.ActiveCfg = Release|Any CPU
		{1588C792-DC7D-43AF-B4E7-5A71A0EE860E}.Docs|x86.Build.0 = Release|Any CPU
		{1588C792-DC7D-43AF-B4E7-5A71A0EE860E}.Mono|Any CPU.ActiveCfg = Release|Any CPU
		{1588C792-DC7D-43AF-B4E7-5A71A0EE860E}.Mono|Any CPU.Build.0 = Release|Any CPU
		{1588C792-DC7D-43AF-B4E7-5A71A0EE860E}.Mono|x64.ActiveCfg = Release|Any CPU
		{1588C792-DC7D-43AF-B4E7-5A71A0EE860E}.Mono|x64.Build.0 = Release|Any CPU
		{1588C792-DC7D-43AF-B4E7-5A71A0EE860E}.Mono|x86.ActiveCfg = Release|Any CPU
		{1588C792-DC7D-43AF-B4E7-5A71A0EE860E}.Mono|x86.Build.0 = Release|Any CPU
		{1588C792-DC7D-43AF-B4E7-5A71A0EE860E}.Release|Any CPU.ActiveCfg = Release|Any CPU
		{1588C792-DC7D-43AF-B4E7-5A71A0EE860E}.Release|Any CPU.Build.0 = Release|Any CPU
		{1588C792-DC7D-43AF-B4E7-5A71A0EE860E}.Release|x64.ActiveCfg = Release|Any CPU
		{1588C792-DC7D-43AF-B4E7-5A71A0EE860E}.Release|x64.Build.0 = Release|Any CPU
		{1588C792-DC7D-43AF-B4E7-5A71A0EE860E}.Release|x86.ActiveCfg = Release|Any CPU
		{1588C792-DC7D-43AF-B4E7-5A71A0EE860E}.Release|x86.Build.0 = Release|Any CPU
	EndGlobalSection
	GlobalSection(SolutionProperties) = preSolution
		HideSolutionNode = FALSE
	EndGlobalSection
	GlobalSection(NestedProjects) = preSolution
		{EC291E7D-EA7D-44B3-BDDA-D72BAC12A30E} = {BFD784FF-6E86-4540-8DEC-2F6AD779E0F9}
		{5DB153FB-1B3D-46D7-9465-6C13E3825B6F} = {BFD784FF-6E86-4540-8DEC-2F6AD779E0F9}
		{B075B6C1-3F4E-492C-8CA5-0627A295C566} = {BFD784FF-6E86-4540-8DEC-2F6AD779E0F9}
		{24AE2C2A-7DEB-4B9F-84C8-0F5E65E41EBC} = {BFD784FF-6E86-4540-8DEC-2F6AD779E0F9}
		{1588C792-DC7D-43AF-B4E7-5A71A0EE860E} = {BFD784FF-6E86-4540-8DEC-2F6AD779E0F9}
	EndGlobalSection
	GlobalSection(ExtensibilityGlobals) = postSolution
		SolutionGuid = {995CECF4-8F4D-4000-82C9-2B59E91100E9}
	EndGlobalSection
EndGlobal
